// !$*UTF8*$!
{
	archiveVersion = 1;
	classes = {
	};
	objectVersion = 77;
	objects = {

/* Begin PBXBuildFile section */
		CD0CC7312E34DB6F008D9237 /* ReportsModel.xcdatamodeld in Sources */ = {isa = PBXBuildFile; fileRef = CD0CC72F2E34DB6F008D9237 /* ReportsModel.xcdatamodeld */; };
		CD0CC7332E34DE0B008D9237 /* README.MD in Resources */ = {isa = PBXBuildFile; fileRef = CD0CC7322E34DE04008D9237 /* README.MD */; };
		CDF539022E355CF70086E61A /* Kuzco in Frameworks */ = {isa = PBXBuildFile; productRef = CDF539012E355CF70086E61A /* Kuzco */; };
/* End PBXBuildFile section */

/* Begin PBXContainerItemProxy section */
		CD0CC6E52E34C23C008D9237 /* PBXContainerItemProxy */ = {
			isa = PBXContainerItemProxy;
			containerPortal = CD0CC6CE2E34C23A008D9237 /* Project object */;
			proxyType = 1;
			remoteGlobalIDString = CD0CC6D52E34C23A008D9237;
			remoteInfo = "Sirius Report";
		};
		CD0CC6EF2E34C23C008D9237 /* PBXContainerItemProxy */ = {
			isa = PBXContainerItemProxy;
			containerPortal = CD0CC6CE2E34C23A008D9237 /* Project object */;
			proxyType = 1;
			remoteGlobalIDString = CD0CC6D52E34C23A008D9237;
			remoteInfo = "Sirius Report";
		};
/* End PBXContainerItemProxy section */

/* Begin PBXFileReference section */
		CD0CC6D62E34C23A008D9237 /* Sirius Report.app */ = {isa = PBXFileReference; explicitFileType = wrapper.application; includeInIndex = 0; path = "Sirius Report.app"; sourceTree = BUILT_PRODUCTS_DIR; };
		CD0CC6E42E34C23C008D9237 /* Sirius ReportTests.xctest */ = {isa = PBXFileReference; explicitFileType = wrapper.cfbundle; includeInIndex = 0; path = "Sirius ReportTests.xctest"; sourceTree = BUILT_PRODUCTS_DIR; };
		CD0CC6EE2E34C23C008D9237 /* Sirius ReportUITests.xctest */ = {isa = PBXFileReference; explicitFileType = wrapper.cfbundle; includeInIndex = 0; path = "Sirius ReportUITests.xctest"; sourceTree = BUILT_PRODUCTS_DIR; };
		CD0CC7302E34DB6F008D9237 /* ReportsModel.xcdatamodel */ = {isa = PBXFileReference; lastKnownFileType = wrapper.xcdatamodel; path = ReportsModel.xcdatamodel; sourceTree = "<group>"; };
		CD0CC7322E34DE04008D9237 /* README.MD */ = {isa = PBXFileReference; lastKnownFileType = net.daringfireball.markdown; path = README.MD; sourceTree = "<group>"; };
/* End PBXFileReference section */

/* Begin PBXFileSystemSynchronizedRootGroup section */
		CD0CC6D82E34C23A008D9237 /* Sirius Report */ = {
			isa = PBXFileSystemSynchronizedRootGroup;
			path = "Sirius Report";
			sourceTree = "<group>";
		};
		CD0CC6E72E34C23C008D9237 /* Sirius ReportTests */ = {
			isa = PBXFileSystemSynchronizedRootGroup;
			path = "Sirius ReportTests";
			sourceTree = "<group>";
		};
		CD0CC6F12E34C23C008D9237 /* Sirius ReportUITests */ = {
			isa = PBXFileSystemSynchronizedRootGroup;
			path = "Sirius ReportUITests";
			sourceTree = "<group>";
		};
		CD4AEBC22E3BC8DE0048D4E4 /* Businessplan */ = {
			isa = PBXFileSystemSynchronizedRootGroup;
			path = Businessplan;
			sourceTree = "<group>";
		};
/* End PBXFileSystemSynchronizedRootGroup section */

/* Begin PBXFrameworksBuildPhase section */
		CD0CC6D32E34C23A008D9237 /* Frameworks */ = {
			isa = PBXFrameworksBuildPhase;
			buildActionMask = 2147483647;
			files = (
				CDF539022E355CF70086E61A /* Kuzco in Frameworks */,
			);
			runOnlyForDeploymentPostprocessing = 0;
		};
		CD0CC6E12E34C23C008D9237 /* Frameworks */ = {
			isa = PBXFrameworksBuildPhase;
			buildActionMask = 2147483647;
			files = (
			);
			runOnlyForDeploymentPostprocessing = 0;
		};
		CD0CC6EB2E34C23C008D9237 /* Frameworks */ = {
			isa = PBXFrameworksBuildPhase;
			buildActionMask = 2147483647;
			files = (
			);
			runOnlyForDeploymentPostprocessing = 0;
		};
/* End PBXFrameworksBuildPhase section */

/* Begin PBXGroup section */
		CD0CC6CD2E34C23A008D9237 = {
			isa = PBXGroup;
			children = (
				CD4AEBC22E3BC8DE0048D4E4 /* Businessplan */,
				CD0CC7322E34DE04008D9237 /* README.MD */,
				CD0CC72F2E34DB6F008D9237 /* ReportsModel.xcdatamodeld */,
				CD0CC6D82E34C23A008D9237 /* Sirius Report */,
				CD0CC6E72E34C23C008D9237 /* Sirius ReportTests */,
				CD0CC6F12E34C23C008D9237 /* Sirius ReportUITests */,
				CD0CC6D72E34C23A008D9237 /* Products */,
			);
			sourceTree = "<group>";
		};
		CD0CC6D72E34C23A008D9237 /* Products */ = {
			isa = PBXGroup;
			children = (
				CD0CC6D62E34C23A008D9237 /* Sirius Report.app */,
				CD0CC6E42E34C23C008D9237 /* Sirius ReportTests.xctest */,
				CD0CC6EE2E34C23C008D9237 /* Sirius ReportUITests.xctest */,
			);
			name = Products;
			sourceTree = "<group>";
		};
/* End PBXGroup section */

/* Begin PBXNativeTarget section */
		CD0CC6D52E34C23A008D9237 /* Sirius Report */ = {
			isa = PBXNativeTarget;
			buildConfigurationList = CD0CC6F82E34C23C008D9237 /* Build configuration list for PBXNativeTarget "Sirius Report" */;
			buildPhases = (
				CD0CC6D22E34C23A008D9237 /* Sources */,
				CD0CC6D32E34C23A008D9237 /* Frameworks */,
				CD0CC6D42E34C23A008D9237 /* Resources */,
			);
			buildRules = (
			);
			dependencies = (
			);
			fileSystemSynchronizedGroups = (
				CD0CC6D82E34C23A008D9237 /* Sirius Report */,
				CD4AEBC22E3BC8DE0048D4E4 /* Businessplan */,
			);
			name = "Sirius Report";
			packageProductDependencies = (
				CDF539012E355CF70086E61A /* Kuzco */,
			);
			productName = "Sirius Report";
			productReference = CD0CC6D62E34C23A008D9237 /* Sirius Report.app */;
			productType = "com.apple.product-type.application";
		};
		CD0CC6E32E34C23C008D9237 /* Sirius ReportTests */ = {
			isa = PBXNativeTarget;
			buildConfigurationList = CD0CC6FB2E34C23C008D9237 /* Build configuration list for PBXNativeTarget "Sirius ReportTests" */;
			buildPhases = (
				CD0CC6E02E34C23C008D9237 /* Sources */,
				CD0CC6E12E34C23C008D9237 /* Frameworks */,
				CD0CC6E22E34C23C008D9237 /* Resources */,
			);
			buildRules = (
			);
			dependencies = (
				CD0CC6E62E34C23C008D9237 /* PBXTargetDependency */,
			);
			fileSystemSynchronizedGroups = (
				CD0CC6E72E34C23C008D9237 /* Sirius ReportTests */,
			);
			name = "Sirius ReportTests";
			packageProductDependencies = (
			);
			productName = "Sirius ReportTests";
			productReference = CD0CC6E42E34C23C008D9237 /* Sirius ReportTests.xctest */;
			productType = "com.apple.product-type.bundle.unit-test";
		};
		CD0CC6ED2E34C23C008D9237 /* Sirius ReportUITests */ = {
			isa = PBXNativeTarget;
			buildConfigurationList = CD0CC6FE2E34C23C008D9237 /* Build configuration list for PBXNativeTarget "Sirius ReportUITests" */;
			buildPhases = (
				CD0CC6EA2E34C23C008D9237 /* Sources */,
				CD0CC6EB2E34C23C008D9237 /* Frameworks */,
				CD0CC6EC2E34C23C008D9237 /* Resources */,
			);
			buildRules = (
			);
			dependencies = (
				CD0CC6F02E34C23C008D9237 /* PBXTargetDependency */,
			);
			fileSystemSynchronizedGroups = (
				CD0CC6F12E34C23C008D9237 /* Sirius ReportUITests */,
			);
			name = "Sirius ReportUITests";
			packageProductDependencies = (
			);
			productName = "Sirius ReportUITests";
			productReference = CD0CC6EE2E34C23C008D9237 /* Sirius ReportUITests.xctest */;
			productType = "com.apple.product-type.bundle.ui-testing";
		};
/* End PBXNativeTarget section */

/* Begin PBXProject section */
		CD0CC6CE2E34C23A008D9237 /* Project object */ = {
			isa = PBXProject;
			attributes = {
				BuildIndependentTargetsInParallel = 1;
				LastSwiftUpdateCheck = 1640;
				LastUpgradeCheck = 1640;
				TargetAttributes = {
					CD0CC6D52E34C23A008D9237 = {
						CreatedOnToolsVersion = 16.4;
					};
					CD0CC6E32E34C23C008D9237 = {
						CreatedOnToolsVersion = 16.4;
						TestTargetID = CD0CC6D52E34C23A008D9237;
					};
					CD0CC6ED2E34C23C008D9237 = {
						CreatedOnToolsVersion = 16.4;
						TestTargetID = CD0CC6D52E34C23A008D9237;
					};
				};
			};
			buildConfigurationList = CD0CC6D12E34C23A008D9237 /* Build configuration list for PBXProject "Sirius Report" */;
			developmentRegion = en;
			hasScannedForEncodings = 0;
			knownRegions = (
				en,
				Base,
			);
			mainGroup = CD0CC6CD2E34C23A008D9237;
			minimizedProjectReferenceProxies = 1;
			packageReferences = (
				CDF539002E355CF70086E61A /* XCRemoteSwiftPackageReference "Kuzco" */,
			);
			preferredProjectObjectVersion = 77;
			productRefGroup = CD0CC6D72E34C23A008D9237 /* Products */;
			projectDirPath = "";
			projectRoot = "";
			targets = (
				CD0CC6D52E34C23A008D9237 /* Sirius Report */,
				CD0CC6E32E34C23C008D9237 /* Sirius ReportTests */,
				CD0CC6ED2E34C23C008D9237 /* Sirius ReportUITests */,
			);
		};
/* End PBXProject section */

/* Begin PBXResourcesBuildPhase section */
		CD0CC6D42E34C23A008D9237 /* Resources */ = {
			isa = PBXResourcesBuildPhase;
			buildActionMask = 2147483647;
			files = (
				CD0CC7332E34DE0B008D9237 /* README.MD in Resources */,
			);
			runOnlyForDeploymentPostprocessing = 0;
		};
		CD0CC6E22E34C23C008D9237 /* Resources */ = {
			isa = PBXResourcesBuildPhase;
			buildActionMask = 2147483647;
			files = (
			);
			runOnlyForDeploymentPostprocessing = 0;
		};
		CD0CC6EC2E34C23C008D9237 /* Resources */ = {
			isa = PBXResourcesBuildPhase;
			buildActionMask = 2147483647;
			files = (
			);
			runOnlyForDeploymentPostprocessing = 0;
		};
/* End PBXResourcesBuildPhase section */

/* Begin PBXSourcesBuildPhase section */
		CD0CC6D22E34C23A008D9237 /* Sources */ = {
			isa = PBXSourcesBuildPhase;
			buildActionMask = 2147483647;
			files = (
				CD0CC7312E34DB6F008D9237 /* ReportsModel.xcdatamodeld in Sources */,
			);
			runOnlyForDeploymentPostprocessing = 0;
		};
		CD0CC6E02E34C23C008D9237 /* Sources */ = {
			isa = PBXSourcesBuildPhase;
			buildActionMask = 2147483647;
			files = (
			);
			runOnlyForDeploymentPostprocessing = 0;
		};
		CD0CC6EA2E34C23C008D9237 /* Sources */ = {
			isa = PBXSourcesBuildPhase;
			buildActionMask = 2147483647;
			files = (
			);
			runOnlyForDeploymentPostprocessing = 0;
		};
/* End PBXSourcesBuildPhase section */

/* Begin PBXTargetDependency section */
		CD0CC6E62E34C23C008D9237 /* PBXTargetDependency */ = {
			isa = PBXTargetDependency;
			target = CD0CC6D52E34C23A008D9237 /* Sirius Report */;
			targetProxy = CD0CC6E52E34C23C008D9237 /* PBXContainerItemProxy */;
		};
		CD0CC6F02E34C23C008D9237 /* PBXTargetDependency */ = {
			isa = PBXTargetDependency;
			target = CD0CC6D52E34C23A008D9237 /* Sirius Report */;
			targetProxy = CD0CC6EF2E34C23C008D9237 /* PBXContainerItemProxy */;
		};
/* End PBXTargetDependency section */

/* Begin XCBuildConfiguration section */
		CD0CC6F62E34C23C008D9237 /* Debug */ = {
			isa = XCBuildConfiguration;
			buildSettings = {
				ALWAYS_SEARCH_USER_PATHS = NO;
				ASSETCATALOG_COMPILER_GENERATE_SWIFT_ASSET_SYMBOL_EXTENSIONS = YES;
				CLANG_ANALYZER_NONNULL = YES;
				CLANG_ANALYZER_NUMBER_OBJECT_CONVERSION = YES_AGGRESSIVE;
				CLANG_CXX_LANGUAGE_STANDARD = "gnu++20";
				CLANG_ENABLE_MODULES = YES;
				CLANG_ENABLE_OBJC_ARC = YES;
				CLANG_ENABLE_OBJC_WEAK = YES;
				CLANG_WARN_BLOCK_CAPTURE_AUTORELEASING = YES;
				CLANG_WARN_BOOL_CONVERSION = YES;
				CLANG_WARN_COMMA = YES;
				CLANG_WARN_CONSTANT_CONVERSION = YES;
				CLANG_WARN_DEPRECATED_OBJC_IMPLEMENTATIONS = YES;
				CLANG_WARN_DIRECT_OBJC_ISA_USAGE = YES_ERROR;
				CLANG_WARN_DOCUMENTATION_COMMENTS = YES;
				CLANG_WARN_EMPTY_BODY = YES;
				CLANG_WARN_ENUM_CONVERSION = YES;
				CLANG_WARN_INFINITE_RECURSION = YES;
				CLANG_WARN_INT_CONVERSION = YES;
				CLANG_WARN_NON_LITERAL_NULL_CONVERSION = YES;
				CLANG_WARN_OBJC_IMPLICIT_RETAIN_SELF = YES;
				CLANG_WARN_OBJC_LITERAL_CONVERSION = YES;
				CLANG_WARN_OBJC_ROOT_CLASS = YES_ERROR;
				CLANG_WARN_QUOTED_INCLUDE_IN_FRAMEWORK_HEADER = YES;
				CLANG_WARN_RANGE_LOOP_ANALYSIS = YES;
				CLANG_WARN_STRICT_PROTOTYPES = YES;
				CLANG_WARN_SUSPICIOUS_MOVE = YES;
				CLANG_WARN_UNGUARDED_AVAILABILITY = YES_AGGRESSIVE;
				CLANG_WARN_UNREACHABLE_CODE = YES;
				CLANG_WARN__DUPLICATE_METHOD_MATCH = YES;
				COPY_PHASE_STRIP = NO;
				DEBUG_INFORMATION_FORMAT = dwarf;
				DEVELOPMENT_TEAM = M39S28D9PZ;
				ENABLE_STRICT_OBJC_MSGSEND = YES;
				ENABLE_TESTABILITY = YES;
				ENABLE_USER_SCRIPT_SANDBOXING = YES;
				GCC_C_LANGUAGE_STANDARD = gnu17;
				GCC_DYNAMIC_NO_PIC = NO;
				GCC_NO_COMMON_BLOCKS = YES;
				GCC_OPTIMIZATION_LEVEL = 0;
				GCC_PREPROCESSOR_DEFINITIONS = (
					"DEBUG=1",
					"$(inherited)",
				);
				GCC_WARN_64_TO_32_BIT_CONVERSION = YES;
				GCC_WARN_ABOUT_RETURN_TYPE = YES_ERROR;
				GCC_WARN_UNDECLARED_SELECTOR = YES;
				GCC_WARN_UNINITIALIZED_AUTOS = YES_AGGRESSIVE;
				GCC_WARN_UNUSED_FUNCTION = YES;
				GCC_WARN_UNUSED_VARIABLE = YES;
				LOCALIZATION_PREFERS_STRING_CATALOGS = YES;
				MTL_ENABLE_DEBUG_INFO = INCLUDE_SOURCE;
				MTL_FAST_MATH = YES;
				ONLY_ACTIVE_ARCH = YES;
				SWIFT_ACTIVE_COMPILATION_CONDITIONS = "DEBUG $(inherited)";
				SWIFT_OPTIMIZATION_LEVEL = "-Onone";
			};
			name = Debug;
		};
		CD0CC6F72E34C23C008D9237 /* Release */ = {
			isa = XCBuildConfiguration;
			buildSettings = {
				ALWAYS_SEARCH_USER_PATHS = NO;
				ASSETCATALOG_COMPILER_GENERATE_SWIFT_ASSET_SYMBOL_EXTENSIONS = YES;
				CLANG_ANALYZER_NONNULL = YES;
				CLANG_ANALYZER_NUMBER_OBJECT_CONVERSION = YES_AGGRESSIVE;
				CLANG_CXX_LANGUAGE_STANDARD = "gnu++20";
				CLANG_ENABLE_MODULES = YES;
				CLANG_ENABLE_OBJC_ARC = YES;
				CLANG_ENABLE_OBJC_WEAK = YES;
				CLANG_WARN_BLOCK_CAPTURE_AUTORELEASING = YES;
				CLANG_WARN_BOOL_CONVERSION = YES;
				CLANG_WARN_COMMA = YES;
				CLANG_WARN_CONSTANT_CONVERSION = YES;
				CLANG_WARN_DEPRECATED_OBJC_IMPLEMENTATIONS = YES;
				CLANG_WARN_DIRECT_OBJC_ISA_USAGE = YES_ERROR;
				CLANG_WARN_DOCUMENTATION_COMMENTS = YES;
				CLANG_WARN_EMPTY_BODY = YES;
				CLANG_WARN_ENUM_CONVERSION = YES;
				CLANG_WARN_INFINITE_RECURSION = YES;
				CLANG_WARN_INT_CONVERSION = YES;
				CLANG_WARN_NON_LITERAL_NULL_CONVERSION = YES;
				CLANG_WARN_OBJC_IMPLICIT_RETAIN_SELF = YES;
				CLANG_WARN_OBJC_LITERAL_CONVERSION = YES;
				CLANG_WARN_OBJC_ROOT_CLASS = YES_ERROR;
				CLANG_WARN_QUOTED_INCLUDE_IN_FRAMEWORK_HEADER = YES;
				CLANG_WARN_RANGE_LOOP_ANALYSIS = YES;
				CLANG_WARN_STRICT_PROTOTYPES = YES;
				CLANG_WARN_SUSPICIOUS_MOVE = YES;
				CLANG_WARN_UNGUARDED_AVAILABILITY = YES_AGGRESSIVE;
				CLANG_WARN_UNREACHABLE_CODE = YES;
				CLANG_WARN__DUPLICATE_METHOD_MATCH = YES;
				COPY_PHASE_STRIP = NO;
				DEBUG_INFORMATION_FORMAT = "dwarf-with-dsym";
				DEVELOPMENT_TEAM = M39S28D9PZ;
				ENABLE_NS_ASSERTIONS = NO;
				ENABLE_STRICT_OBJC_MSGSEND = YES;
				ENABLE_USER_SCRIPT_SANDBOXING = YES;
				GCC_C_LANGUAGE_STANDARD = gnu17;
				GCC_NO_COMMON_BLOCKS = YES;
				GCC_WARN_64_TO_32_BIT_CONVERSION = YES;
				GCC_WARN_ABOUT_RETURN_TYPE = YES_ERROR;
				GCC_WARN_UNDECLARED_SELECTOR = YES;
				GCC_WARN_UNINITIALIZED_AUTOS = YES_AGGRESSIVE;
				GCC_WARN_UNUSED_FUNCTION = YES;
				GCC_WARN_UNUSED_VARIABLE = YES;
				LOCALIZATION_PREFERS_STRING_CATALOGS = YES;
				MTL_ENABLE_DEBUG_INFO = NO;
				MTL_FAST_MATH = YES;
				SWIFT_COMPILATION_MODE = wholemodule;
			};
			name = Release;
		};
		CD0CC6F92E34C23C008D9237 /* Debug */ = {
			isa = XCBuildConfiguration;
			buildSettings = {
				ASSETCATALOG_COMPILER_APPICON_NAME = AppIcon;
				ASSETCATALOG_COMPILER_GLOBAL_ACCENT_COLOR_NAME = AccentColor;
				CODE_SIGN_ENTITLEMENTS = "Sirius Report/Sirius_Report.entitlements";
				CODE_SIGN_STYLE = Automatic;
				CURRENT_PROJECT_VERSION = 1;
				DEVELOPMENT_TEAM = M39S28D9PZ;
				ENABLE_HARDENED_RUNTIME = YES;
				ENABLE_PREVIEWS = YES;
				GENERATE_INFOPLIST_FILE = YES;
				INFOPLIST_FILE = "Sirius-Report-Info.plist";
				INFOPLIST_KEY_NSLocationAlwaysAndWhenInUseUsageDescription = "";
				INFOPLIST_KEY_NSLocationAlwaysUsageDescription = "";
				INFOPLIST_KEY_NSMicrophoneUsageDescription = "";
				INFOPLIST_KEY_NSSiriUsageDescription = "";
				INFOPLIST_KEY_NSSpeechRecognitionUsageDescription = "";
				"INFOPLIST_KEY_UIApplicationSceneManifest_Generation[sdk=iphoneos*]" = YES;
				"INFOPLIST_KEY_UIApplicationSceneManifest_Generation[sdk=iphonesimulator*]" = YES;
				"INFOPLIST_KEY_UIApplicationSupportsIndirectInputEvents[sdk=iphoneos*]" = YES;
				"INFOPLIST_KEY_UIApplicationSupportsIndirectInputEvents[sdk=iphonesimulator*]" = YES;
				"INFOPLIST_KEY_UILaunchScreen_Generation[sdk=iphoneos*]" = YES;
				"INFOPLIST_KEY_UILaunchScreen_Generation[sdk=iphonesimulator*]" = YES;
				"INFOPLIST_KEY_UIStatusBarStyle[sdk=iphoneos*]" = UIStatusBarStyleDefault;
				"INFOPLIST_KEY_UIStatusBarStyle[sdk=iphonesimulator*]" = UIStatusBarStyleDefault;
				INFOPLIST_KEY_UISupportedInterfaceOrientations_iPad = "UIInterfaceOrientationPortrait UIInterfaceOrientationPortraitUpsideDown UIInterfaceOrientationLandscapeLeft UIInterfaceOrientationLandscapeRight";
				INFOPLIST_KEY_UISupportedInterfaceOrientations_iPhone = "UIInterfaceOrientationPortrait UIInterfaceOrientationLandscapeLeft UIInterfaceOrientationLandscapeRight";
				IPHONEOS_DEPLOYMENT_TARGET = 18.5;
				LD_RUNPATH_SEARCH_PATHS = "@executable_path/Frameworks";
				"LD_RUNPATH_SEARCH_PATHS[sdk=macosx*]" = "@executable_path/../Frameworks";
				MACOSX_DEPLOYMENT_TARGET = 15.5;
				MARKETING_VERSION = 1.0;
				PRODUCT_BUNDLE_IDENTIFIER = "Sirius.Sirius-Report";
				PRODUCT_NAME = "$(TARGET_NAME)";
				REGISTER_APP_GROUPS = YES;
				SDKROOT = auto;
				SUPPORTED_PLATFORMS = "iphoneos iphonesimulator macosx xros xrsimulator";
				SWIFT_EMIT_LOC_STRINGS = YES;
				SWIFT_VERSION = 5.0;
				TARGETED_DEVICE_FAMILY = "1,2,7";
				XROS_DEPLOYMENT_TARGET = 2.5;
			};
			name = Debug;
		};
		CD0CC6FA2E34C23C008D9237 /* Release */ = {
			isa = XCBuildConfiguration;
			buildSettings = {
				ASSETCATALOG_COMPILER_APPICON_NAME = AppIcon;
				ASSETCATALOG_COMPILER_GLOBAL_ACCENT_COLOR_NAME = AccentColor;
				CODE_SIGN_ENTITLEMENTS = "Sirius Report/Sirius_Report.entitlements";
				CODE_SIGN_STYLE = Automatic;
				CURRENT_PROJECT_VERSION = 1;
				DEVELOPMENT_TEAM = M39S28D9PZ;
				ENABLE_HARDENED_RUNTIME = YES;
				ENABLE_PREVIEWS = YES;
				GENERATE_INFOPLIST_FILE = YES;
				INFOPLIST_FILE = "Sirius-Report-Info.plist";
				INFOPLIST_KEY_NSLocationAlwaysAndWhenInUseUsageDescription = "";
				INFOPLIST_KEY_NSLocationAlwaysUsageDescription = "";
				INFOPLIST_KEY_NSMicrophoneUsageDescription = "";
				INFOPLIST_KEY_NSSiriUsageDescription = "";
				INFOPLIST_KEY_NSSpeechRecognitionUsageDescription = "";
				"INFOPLIST_KEY_UIApplicationSceneManifest_Generation[sdk=iphoneos*]" = YES;
				"INFOPLIST_KEY_UIApplicationSceneManifest_Generation[sdk=iphonesimulator*]" = YES;
				"INFOPLIST_KEY_UIApplicationSupportsIndirectInputEvents[sdk=iphoneos*]" = YES;
				"INFOPLIST_KEY_UIApplicationSupportsIndirectInputEvents[sdk=iphonesimulator*]" = YES;
				"INFOPLIST_KEY_UILaunchScreen_Generation[sdk=iphoneos*]" = YES;
				"INFOPLIST_KEY_UILaunchScreen_Generation[sdk=iphonesimulator*]" = YES;
				"INFOPLIST_KEY_UIStatusBarStyle[sdk=iphoneos*]" = UIStatusBarStyleDefault;
				"INFOPLIST_KEY_UIStatusBarStyle[sdk=iphonesimulator*]" = UIStatusBarStyleDefault;
				INFOPLIST_KEY_UISupportedInterfaceOrientations_iPad = "UIInterfaceOrientationPortrait UIInterfaceOrientationPortraitUpsideDown UIInterfaceOrientationLandscapeLeft UIInterfaceOrientationLandscapeRight";
				INFOPLIST_KEY_UISupportedInterfaceOrientations_iPhone = "UIInterfaceOrientationPortrait UIInterfaceOrientationLandscapeLeft UIInterfaceOrientationLandscapeRight";
				IPHONEOS_DEPLOYMENT_TARGET = 18.5;
				LD_RUNPATH_SEARCH_PATHS = "@executable_path/Frameworks";
				"LD_RUNPATH_SEARCH_PATHS[sdk=macosx*]" = "@executable_path/../Frameworks";
				MACOSX_DEPLOYMENT_TARGET = 15.5;
				MARKETING_VERSION = 1.0;
				PRODUCT_BUNDLE_IDENTIFIER = "Sirius.Sirius-Report";
				PRODUCT_NAME = "$(TARGET_NAME)";
				REGISTER_APP_GROUPS = YES;
				SDKROOT = auto;
				SUPPORTED_PLATFORMS = "iphoneos iphonesimulator macosx xros xrsimulator";
				SWIFT_EMIT_LOC_STRINGS = YES;
				SWIFT_VERSION = 5.0;
				TARGETED_DEVICE_FAMILY = "1,2,7";
				XROS_DEPLOYMENT_TARGET = 2.5;
			};
			name = Release;
		};
		CD0CC6FC2E34C23C008D9237 /* Debug */ = {
			isa = XCBuildConfiguration;
			buildSettings = {
				BUNDLE_LOADER = "$(TEST_HOST)";
				CODE_SIGN_STYLE = Automatic;
				CURRENT_PROJECT_VERSION = 1;
				DEVELOPMENT_TEAM = M39S28D9PZ;
				GENERATE_INFOPLIST_FILE = YES;
				IPHONEOS_DEPLOYMENT_TARGET = 18.5;
				MACOSX_DEPLOYMENT_TARGET = 15.5;
				MARKETING_VERSION = 1.0;
				PRODUCT_BUNDLE_IDENTIFIER = "Sirius.Sirius-ReportTests";
				PRODUCT_NAME = "$(TARGET_NAME)";
				SDKROOT = auto;
				SUPPORTED_PLATFORMS = "iphoneos iphonesimulator macosx xros xrsimulator";
				SWIFT_EMIT_LOC_STRINGS = NO;
				SWIFT_VERSION = 5.0;
				TARGETED_DEVICE_FAMILY = "1,2,7";
				TEST_HOST = "$(BUILT_PRODUCTS_DIR)/Sirius Report.app/$(BUNDLE_EXECUTABLE_FOLDER_PATH)/Sirius Report";
				XROS_DEPLOYMENT_TARGET = 2.5;
			};
			name = Debug;
		};
		CD0CC6FD2E34C23C008D9237 /* Release */ = {
			isa = XCBuildConfiguration;
			buildSettings = {
				BUNDLE_LOADER = "$(TEST_HOST)";
				CODE_SIGN_STYLE = Automatic;
				CURRENT_PROJECT_VERSION = 1;
				DEVELOPMENT_TEAM = M39S28D9PZ;
				GENERATE_INFOPLIST_FILE = YES;
				IPHONEOS_DEPLOYMENT_TARGET = 18.5;
				MACOSX_DEPLOYMENT_TARGET = 15.5;
				MARKETING_VERSION = 1.0;
				PRODUCT_BUNDLE_IDENTIFIER = "Sirius.Sirius-ReportTests";
				PRODUCT_NAME = "$(TARGET_NAME)";
				SDKROOT = auto;
				SUPPORTED_PLATFORMS = "iphoneos iphonesimulator macosx xros xrsimulator";
				SWIFT_EMIT_LOC_STRINGS = NO;
				SWIFT_VERSION = 5.0;
				TARGETED_DEVICE_FAMILY = "1,2,7";
				TEST_HOST = "$(BUILT_PRODUCTS_DIR)/Sirius Report.app/$(BUNDLE_EXECUTABLE_FOLDER_PATH)/Sirius Report";
				XROS_DEPLOYMENT_TARGET = 2.5;
			};
			name = Release;
		};
		CD0CC6FF2E34C23C008D9237 /* Debug */ = {
			isa = XCBuildConfiguration;
			buildSettings = {
				CODE_SIGN_STYLE = Automatic;
				CURRENT_PROJECT_VERSION = 1;
				DEVELOPMENT_TEAM = M39S28D9PZ;
				GENERATE_INFOPLIST_FILE = YES;
				IPHONEOS_DEPLOYMENT_TARGET = 18.5;
				MACOSX_DEPLOYMENT_TARGET = 15.5;
				MARKETING_VERSION = 1.0;
				PRODUCT_BUNDLE_IDENTIFIER = "Sirius.Sirius-ReportUITests";
				PRODUCT_NAME = "$(TARGET_NAME)";
				SDKROOT = auto;
				SUPPORTED_PLATFORMS = "iphoneos iphonesimulator macosx xros xrsimulator";
				SWIFT_EMIT_LOC_STRINGS = NO;
				SWIFT_VERSION = 5.0;
				TARGETED_DEVICE_FAMILY = "1,2,7";
				TEST_TARGET_NAME = "Sirius Report";
				XROS_DEPLOYMENT_TARGET = 2.5;
			};
			name = Debug;
		};
		CD0CC7002E34C23C008D9237 /* Release */ = {
			isa = XCBuildConfiguration;
			buildSettings = {
				CODE_SIGN_STYLE = Automatic;
				CURRENT_PROJECT_VERSION = 1;
				DEVELOPMENT_TEAM = M39S28D9PZ;
				GENERATE_INFOPLIST_FILE = YES;
				IPHONEOS_DEPLOYMENT_TARGET = 18.5;
				MACOSX_DEPLOYMENT_TARGET = 15.5;
				MARKETING_VERSION = 1.0;
				PRODUCT_BUNDLE_IDENTIFIER = "Sirius.Sirius-ReportUITests";
				PRODUCT_NAME = "$(TARGET_NAME)";
				SDKROOT = auto;
				SUPPORTED_PLATFORMS = "iphoneos iphonesimulator macosx xros xrsimulator";
				SWIFT_EMIT_LOC_STRINGS = NO;
				SWIFT_VERSION = 5.0;
				TARGETED_DEVICE_FAMILY = "1,2,7";
				TEST_TARGET_NAME = "Sirius Report";
				XROS_DEPLOYMENT_TARGET = 2.5;
			};
			name = Release;
		};
/* End XCBuildConfiguration section */

/* Begin XCConfigurationList section */
		CD0CC6D12E34C23A008D9237 /* Build configuration list for PBXProject "Sirius Report" */ = {
			isa = XCConfigurationList;
			buildConfigurations = (
				CD0CC6F62E34C23C008D9237 /* Debug */,
				CD0CC6F72E34C23C008D9237 /* Release */,
			);
			defaultConfigurationIsVisible = 0;
			defaultConfigurationName = Release;
		};
		CD0CC6F82E34C23C008D9237 /* Build configuration list for PBXNativeTarget "Sirius Report" */ = {
			isa = XCConfigurationList;
			buildConfigurations = (
				CD0CC6F92E34C23C008D9237 /* Debug */,
				CD0CC6FA2E34C23C008D9237 /* Release */,
			);
			defaultConfigurationIsVisible = 0;
			defaultConfigurationName = Release;
		};
		CD0CC6FB2E34C23C008D9237 /* Build configuration list for PBXNativeTarget "Sirius ReportTests" */ = {
			isa = XCConfigurationList;
			buildConfigurations = (
				CD0CC6FC2E34C23C008D9237 /* Debug */,
				CD0CC6FD2E34C23C008D9237 /* Release */,
			);
			defaultConfigurationIsVisible = 0;
			defaultConfigurationName = Release;
		};
		CD0CC6FE2E34C23C008D9237 /* Build configuration list for PBXNativeTarget "Sirius ReportUITests" */ = {
			isa = XCConfigurationList;
			buildConfigurations = (
				CD0CC6FF2E34C23C008D9237 /* Debug */,
				CD0CC7002E34C23C008D9237 /* Release */,
			);
			defaultConfigurationIsVisible = 0;
			defaultConfigurationName = Release;
		};
/* End XCConfigurationList section */

/* Begin XCRemoteSwiftPackageReference section */
		CDF539002E355CF70086E61A /* XCRemoteSwiftPackageReference "Kuzco" */ = {
			isa = XCRemoteSwiftPackageReference;
			repositoryURL = "https://github.com/jaredcassoutt/Kuzco";
			requirement = {
				branch = main;
				kind = branch;
			};
		};
/* End XCRemoteSwiftPackageReference section */

/* Begin XCSwiftPackageProductDependency section */
		CDF539012E355CF70086E61A /* Kuzco */ = {
			isa = XCSwiftPackageProductDependency;
			package = CDF539002E355CF70086E61A /* XCRemoteSwiftPackageReference "Kuzco" */;
			productName = Kuzco;
		};
/* End XCSwiftPackageProductDependency section */

/* Begin XCVersionGroup section */
		CD0CC72F2E34DB6F008D9237 /* ReportsModel.xcdatamodeld */ = {
			isa = XCVersionGroup;
			children = (
				CD0CC7302E34DB6F008D9237 /* ReportsModel.xcdatamodel */,
			);
			currentVersion = CD0CC7302E34DB6F008D9237 /* ReportsModel.xcdatamodel */;
			path = ReportsModel.xcdatamodeld;
			sourceTree = "<group>";
			versionGroupType = wrapper.xcdatamodel;
		};
/* End XCVersionGroup section */
	};
	rootObject = CD0CC6CE2E34C23A008D9237 /* Project object */;
}
